PODS:
  - Comet (1.1.5)
  - SimpleDataKit (0.5.0)

DEPENDENCIES:
  - Comet (from `https://github.com/Harley-xk/Comet.git`)
  - SimpleDataKit (from `../`)

EXTERNAL SOURCES:
  Comet:
    :git: https://github.com/Harley-xk/Comet.git
  SimpleDataKit:
    :path: ../

CHECKOUT OPTIONS:
  Comet:
    :commit: 1504ea139daa72080c448143b2a8d71f1252c98a
    :git: https://github.com/Harley-xk/Comet.git

SPEC CHECKSUMS:
  Comet: c6ab849dc997e3251abbedde32fe16e78278ec8c
  SimpleDataKit: 3e20786e50e56fcbd786cf511065a4755afa0a70

PODFILE CHECKSUM: d75d2f92f0bc17f09daeffb0bf879dfcba3958e6

COCOAPODS: 1.3.1
